
Microsoft Visual Studio Solution File, Format Version 12.00
# Visual Studio Version 17
VisualStudioVersion = 17.5.33502.453
MinimumVisualStudioVersion = 10.0.40219.1
Project("{FAE04EC0-301F-11D3-BF4B-00C04F79EFBC}") = "StatePattern", "StatePattern\StatePattern.csproj", "{61B56FB8-0B04-4D5F-A622-72B9C93DD6D3}"
EndProject
Global
	GlobalSection(SolutionConfigurationPlatforms) = preSolution
		Debug|Any CPU = Debug|Any CPU
		Release|Any CPU = Release|Any CPU
	EndGlobalSection
	GlobalSection(ProjectConfigurationPlatforms) = postSolution
		{61B56FB8-0B04-4D5F-A622-72B9C93DD6D3}.Debug|Any CPU.ActiveCfg = Debug|Any CPU
		{61B56FB8-0B04-4D5F-A622-72B9C93DD6D3}.Debug|Any CPU.Build.0 = Debug|Any CPU
		{61B56FB8-0B04-4D5F-A622-72B9C93DD6D3}.Release|Any CPU.ActiveCfg = Release|Any CPU
		{61B56FB8-0B04-4D5F-A622-72B9C93DD6D3}.Release|Any CPU.Build.0 = Release|Any CPU
	EndGlobalSection
	GlobalSection(SolutionProperties) = preSolution
		HideSolutionNode = FALSE
	EndGlobalSection
	GlobalSection(ExtensibilityGlobals) = postSolution
		SolutionGuid = {5F02FA17-D0AE-4C43-B39E-168B603321F3}
	EndGlobalSection
EndGlobal
