
Microsoft Visual Studio Solution File, Format Version 12.00
# Visual Studio Version 17
VisualStudioVersion = 17.5.33502.453
MinimumVisualStudioVersion = 10.0.40219.1
Project("{FAE04EC0-301F-11D3-BF4B-00C04F79EFBC}") = "TempletePattern", "TempletePattern\TempletePattern.csproj", "{443C0BB8-5B6C-458E-8AAF-4B7FB725F618}"
EndProject
Global
	GlobalSection(SolutionConfigurationPlatforms) = preSolution
		Debug|Any CPU = Debug|Any CPU
		Release|Any CPU = Release|Any CPU
	EndGlobalSection
	GlobalSection(ProjectConfigurationPlatforms) = postSolution
		{443C0BB8-5B6C-458E-8AAF-4B7FB725F618}.Debug|Any CPU.ActiveCfg = Debug|Any CPU
		{443C0BB8-5B6C-458E-8AAF-4B7FB725F618}.Debug|Any CPU.Build.0 = Debug|Any CPU
		{443C0BB8-5B6C-458E-8AAF-4B7FB725F618}.Release|Any CPU.ActiveCfg = Release|Any CPU
		{443C0BB8-5B6C-458E-8AAF-4B7FB725F618}.Release|Any CPU.Build.0 = Release|Any CPU
	EndGlobalSection
	GlobalSection(SolutionProperties) = preSolution
		HideSolutionNode = FALSE
	EndGlobalSection
	GlobalSection(ExtensibilityGlobals) = postSolution
		SolutionGuid = {75A8ECA3-501E-4753-9B7A-F45F2283C65B}
	EndGlobalSection
EndGlobal
